
Microsoft Visual Studio Solution File, Format Version 12.00
# Visual Studio 14
VisualStudioVersion = 14.0.25420.1
MinimumVisualStudioVersion = 10.0.40219.1
Project("{FAE04EC0-301F-11D3-BF4B-00C04F79EFBC}") = "SampleApplicationForPOC", "SampleApplicationForPOC\SampleApplicationForPOC.csproj", "{755550CE-8602-472A-85E0-E72C1FAFF353}"
EndProject
Global
	GlobalSection(SolutionConfigurationPlatforms) = preSolution
		Debug|Any CPU = Debug|Any CPU
		Dev|Any CPU = Dev|Any CPU
		Prod|Any CPU = Prod|Any CPU
		Qa|Any CPU = Qa|Any CPU
		Release|Any CPU = Release|Any CPU
	EndGlobalSection
	GlobalSection(ProjectConfigurationPlatforms) = postSolution
		{755550CE-8602-472A-85E0-E72C1FAFF353}.Debug|Any CPU.ActiveCfg = Debug|Any CPU
		{755550CE-8602-472A-85E0-E72C1FAFF353}.Debug|Any CPU.Build.0 = Debug|Any CPU
		{755550CE-8602-472A-85E0-E72C1FAFF353}.Dev|Any CPU.ActiveCfg = Dev|Any CPU
		{755550CE-8602-472A-85E0-E72C1FAFF353}.Dev|Any CPU.Build.0 = Dev|Any CPU
		{755550CE-8602-472A-85E0-E72C1FAFF353}.Prod|Any CPU.ActiveCfg = Prod|Any CPU
		{755550CE-8602-472A-85E0-E72C1FAFF353}.Prod|Any CPU.Build.0 = Prod|Any CPU
		{755550CE-8602-472A-85E0-E72C1FAFF353}.Qa|Any CPU.ActiveCfg = Qa|Any CPU
		{755550CE-8602-472A-85E0-E72C1FAFF353}.Qa|Any CPU.Build.0 = Qa|Any CPU
		{755550CE-8602-472A-85E0-E72C1FAFF353}.Release|Any CPU.ActiveCfg = Release|Any CPU
		{755550CE-8602-472A-85E0-E72C1FAFF353}.Release|Any CPU.Build.0 = Release|Any CPU
	EndGlobalSection
	GlobalSection(SolutionProperties) = preSolution
		HideSolutionNode = FALSE
	EndGlobalSection
EndGlobal
